
Microsoft Visual Studio Solution File, Format Version 12.00
# Visual Studio Version 17
VisualStudioVersion = 17.0.31919.166
MinimumVisualStudioVersion = 10.0.40219.1
Project("{FAE04EC0-301F-11D3-BF4B-00C04F79EFBC}") = "Meowzic", "WindowsFormsApp2\Meowzic.csproj", "{2486DA80-E8F3-4BDD-A338-E1E1DC4ABCC9}"
EndProject
Project("{FAE04EC0-301F-11D3-BF4B-00C04F79EFBC}") = "Meowzic test", "Meowzic test\Meowzic test.csproj", "{12DDA3FA-FF23-4F9A-8861-0374BE523443}"
EndProject
Global
	GlobalSection(SolutionConfigurationPlatforms) = preSolution
		Debug|Any CPU = Debug|Any CPU
		Release|Any CPU = Release|Any CPU
	EndGlobalSection
	GlobalSection(ProjectConfigurationPlatforms) = postSolution
		{2486DA80-E8F3-4BDD-A338-E1E1DC4ABCC9}.Debug|Any CPU.ActiveCfg = Debug|Any CPU
		{2486DA80-E8F3-4BDD-A338-E1E1DC4ABCC9}.Debug|Any CPU.Build.0 = Debug|Any CPU
		{2486DA80-E8F3-4BDD-A338-E1E1DC4ABCC9}.Release|Any CPU.ActiveCfg = Release|Any CPU
		{2486DA80-E8F3-4BDD-A338-E1E1DC4ABCC9}.Release|Any CPU.Build.0 = Release|Any CPU
		{12DDA3FA-FF23-4F9A-8861-0374BE523443}.Debug|Any CPU.ActiveCfg = Debug|Any CPU
		{12DDA3FA-FF23-4F9A-8861-0374BE523443}.Debug|Any CPU.Build.0 = Debug|Any CPU
		{12DDA3FA-FF23-4F9A-8861-0374BE523443}.Release|Any CPU.ActiveCfg = Release|Any CPU
		{12DDA3FA-FF23-4F9A-8861-0374BE523443}.Release|Any CPU.Build.0 = Release|Any CPU
	EndGlobalSection
	GlobalSection(SolutionProperties) = preSolution
		HideSolutionNode = FALSE
	EndGlobalSection
	GlobalSection(ExtensibilityGlobals) = postSolution
		SolutionGuid = {5645FE14-2FFB-44A4-B51F-654DE417E821}
	EndGlobalSection
EndGlobal
